// !$*UTF8*$!
{
	archiveVersion = 1;
	classes = {
	};
	objectVersion = 56;
	objects = {

/* Begin PBXBuildFile section */
		BC677B192D48FD7900F7C6A5 /* AddNewBookView.swift in Sources */ = {isa = PBXBuildFile; fileRef = BC677B182D48FD7900F7C6A5 /* AddNewBookView.swift */; };
		BC677B1C2D49156200F7C6A5 /* BookStatusModel.swift in Sources */ = {isa = PBXBuildFile; fileRef = BC677B1B2D49156200F7C6A5 /* BookStatusModel.swift */; };
		BC6EC3452D46BBBD002A4E45 /* BookTrackerApp.swift in Sources */ = {isa = PBXBuildFile; fileRef = BC6EC3442D46BBBD002A4E45 /* BookTrackerApp.swift */; };
		BC6EC3472D46BBBD002A4E45 /* HomeView.swift in Sources */ = {isa = PBXBuildFile; fileRef = BC6EC3462D46BBBD002A4E45 /* HomeView.swift */; };
		BC6EC3492D46BBBE002A4E45 /* Assets.xcassets in Resources */ = {isa = PBXBuildFile; fileRef = BC6EC3482D46BBBE002A4E45 /* Assets.xcassets */; };
		BC6EC34C2D46BBBE002A4E45 /* Preview Assets.xcassets in Resources */ = {isa = PBXBuildFile; fileRef = BC6EC34B2D46BBBE002A4E45 /* Preview Assets.xcassets */; };
		BC6EC34E2D46BBBE002A4E45 /* Persistence.swift in Sources */ = {isa = PBXBuildFile; fileRef = BC6EC34D2D46BBBE002A4E45 /* Persistence.swift */; };
		BC6EC35C2D46BC57002A4E45 /* BookTrackerViewModel.swift in Sources */ = {isa = PBXBuildFile; fileRef = BC6EC35B2D46BC57002A4E45 /* BookTrackerViewModel.swift */; };
		BC713F382D4EA8460023F713 /* ImagePicker.swift in Sources */ = {isa = PBXBuildFile; fileRef = BC713F372D4EA8460023F713 /* ImagePicker.swift */; };
		BC7488342D4C02D4003C974A /* HeaderView.swift in Sources */ = {isa = PBXBuildFile; fileRef = BC7488332D4C02D4003C974A /* HeaderView.swift */; };
		BC7B02AD2D475E3F003DDEEF /* BookRowView.swift in Sources */ = {isa = PBXBuildFile; fileRef = BC7B02AC2D475E3F003DDEEF /* BookRowView.swift */; };
		BCDA80162D493EE400BB8AB9 /* BookTrackerModel.xcdatamodeld in Sources */ = {isa = PBXBuildFile; fileRef = BCDA80142D493EE400BB8AB9 /* BookTrackerModel.xcdatamodeld */; };
/* End PBXBuildFile section */

/* Begin PBXFileReference section */
		BC677B182D48FD7900F7C6A5 /* AddNewBookView.swift */ = {isa = PBXFileReference; lastKnownFileType = sourcecode.swift; path = AddNewBookView.swift; sourceTree = "<group>"; };
		BC677B1B2D49156200F7C6A5 /* BookStatusModel.swift */ = {isa = PBXFileReference; lastKnownFileType = sourcecode.swift; path = BookStatusModel.swift; sourceTree = "<group>"; };
		BC6EC3412D46BBBD002A4E45 /* BookTracker.app */ = {isa = PBXFileReference; explicitFileType = wrapper.application; includeInIndex = 0; path = BookTracker.app; sourceTree = BUILT_PRODUCTS_DIR; };
		BC6EC3442D46BBBD002A4E45 /* BookTrackerApp.swift */ = {isa = PBXFileReference; lastKnownFileType = sourcecode.swift; path = BookTrackerApp.swift; sourceTree = "<group>"; };
		BC6EC3462D46BBBD002A4E45 /* HomeView.swift */ = {isa = PBXFileReference; lastKnownFileType = sourcecode.swift; path = HomeView.swift; sourceTree = "<group>"; };
		BC6EC3482D46BBBE002A4E45 /* Assets.xcassets */ = {isa = PBXFileReference; lastKnownFileType = folder.assetcatalog; path = Assets.xcassets; sourceTree = "<group>"; };
		BC6EC34B2D46BBBE002A4E45 /* Preview Assets.xcassets */ = {isa = PBXFileReference; lastKnownFileType = folder.assetcatalog; path = "Preview Assets.xcassets"; sourceTree = "<group>"; };
		BC6EC34D2D46BBBE002A4E45 /* Persistence.swift */ = {isa = PBXFileReference; lastKnownFileType = sourcecode.swift; path = Persistence.swift; sourceTree = "<group>"; };
		BC6EC35B2D46BC57002A4E45 /* BookTrackerViewModel.swift */ = {isa = PBXFileReference; lastKnownFileType = sourcecode.swift; path = BookTrackerViewModel.swift; sourceTree = "<group>"; };
		BC713F372D4EA8460023F713 /* ImagePicker.swift */ = {isa = PBXFileReference; lastKnownFileType = sourcecode.swift; path = ImagePicker.swift; sourceTree = "<group>"; };
		BC7488332D4C02D4003C974A /* HeaderView.swift */ = {isa = PBXFileReference; lastKnownFileType = sourcecode.swift; path = HeaderView.swift; sourceTree = "<group>"; };
		BC7B02AC2D475E3F003DDEEF /* BookRowView.swift */ = {isa = PBXFileReference; lastKnownFileType = sourcecode.swift; path = BookRowView.swift; sourceTree = "<group>"; };
		BCDA80152D493EE400BB8AB9 /* BookTrackerModel.xcdatamodel */ = {isa = PBXFileReference; lastKnownFileType = wrapper.xcdatamodel; path = BookTrackerModel.xcdatamodel; sourceTree = "<group>"; };
/* End PBXFileReference section */

/* Begin PBXFrameworksBuildPhase section */
		BC6EC33E2D46BBBD002A4E45 /* Frameworks */ = {
			isa = PBXFrameworksBuildPhase;
			buildActionMask = 2147483647;
			files = (
			);
			runOnlyForDeploymentPostprocessing = 0;
		};
/* End PBXFrameworksBuildPhase section */

/* Begin PBXGroup section */
		BC677B1A2D49152800F7C6A5 /* Model */ = {
			isa = PBXGroup;
			children = (
				BCDA80142D493EE400BB8AB9 /* BookTrackerModel.xcdatamodeld */,
				BC677B1B2D49156200F7C6A5 /* BookStatusModel.swift */,
			);
			path = Model;
			sourceTree = "<group>";
		};
		BC6EC3382D46BBBD002A4E45 = {
			isa = PBXGroup;
			children = (
				BC6EC3432D46BBBD002A4E45 /* BookTracker */,
				BC6EC3422D46BBBD002A4E45 /* Products */,
			);
			sourceTree = "<group>";
		};
		BC6EC3422D46BBBD002A4E45 /* Products */ = {
			isa = PBXGroup;
			children = (
				BC6EC3412D46BBBD002A4E45 /* BookTracker.app */,
			);
			name = Products;
			sourceTree = "<group>";
		};
		BC6EC3432D46BBBD002A4E45 /* BookTracker */ = {
			isa = PBXGroup;
			children = (
				BC6EC35A2D46BC2A002A4E45 /* App */,
				BC677B1A2D49152800F7C6A5 /* Model */,
				BC6EC3592D46BC1B002A4E45 /* CoreData */,
				BC6EC3582D46BC15002A4E45 /* ViewModel */,
				BC713F362D4EA80D0023F713 /* Image */,
				BC6EC3572D46BC0F002A4E45 /* Views */,
				BC6EC3482D46BBBE002A4E45 /* Assets.xcassets */,
				BC6EC34A2D46BBBE002A4E45 /* Preview Content */,
			);
			path = BookTracker;
			sourceTree = "<group>";
		};
		BC6EC34A2D46BBBE002A4E45 /* Preview Content */ = {
			isa = PBXGroup;
			children = (
				BC6EC34B2D46BBBE002A4E45 /* Preview Assets.xcassets */,
			);
			path = "Preview Content";
			sourceTree = "<group>";
		};
		BC6EC3572D46BC0F002A4E45 /* Views */ = {
			isa = PBXGroup;
			children = (
				BC6EC3462D46BBBD002A4E45 /* HomeView.swift */,
				BC7B02AC2D475E3F003DDEEF /* BookRowView.swift */,
				BC677B182D48FD7900F7C6A5 /* AddNewBookView.swift */,
				BC7488332D4C02D4003C974A /* HeaderView.swift */,
			);
			path = Views;
			sourceTree = "<group>";
		};
		BC6EC3582D46BC15002A4E45 /* ViewModel */ = {
			isa = PBXGroup;
			children = (
				BC6EC35B2D46BC57002A4E45 /* BookTrackerViewModel.swift */,
			);
			path = ViewModel;
			sourceTree = "<group>";
		};
		BC6EC3592D46BC1B002A4E45 /* CoreData */ = {
			isa = PBXGroup;
			children = (
				BC6EC34D2D46BBBE002A4E45 /* Persistence.swift */,
			);
			path = CoreData;
			sourceTree = "<group>";
		};
		BC6EC35A2D46BC2A002A4E45 /* App */ = {
			isa = PBXGroup;
			children = (
				BC6EC3442D46BBBD002A4E45 /* BookTrackerApp.swift */,
			);
			path = App;
			sourceTree = "<group>";
		};
		BC713F362D4EA80D0023F713 /* Image */ = {
			isa = PBXGroup;
			children = (
				BC713F372D4EA8460023F713 /* ImagePicker.swift */,
			);
			path = Image;
			sourceTree = "<group>";
		};
/* End PBXGroup section */

/* Begin PBXNativeTarget section */
		BC6EC3402D46BBBD002A4E45 /* BookTracker */ = {
			isa = PBXNativeTarget;
			buildConfigurationList = BC6EC3542D46BBBE002A4E45 /* Build configuration list for PBXNativeTarget "BookTracker" */;
			buildPhases = (
				BC6EC33D2D46BBBD002A4E45 /* Sources */,
				BC6EC33E2D46BBBD002A4E45 /* Frameworks */,
				BC6EC33F2D46BBBD002A4E45 /* Resources */,
			);
			buildRules = (
			);
			dependencies = (
			);
			name = BookTracker;
			productName = BookTracker;
			productReference = BC6EC3412D46BBBD002A4E45 /* BookTracker.app */;
			productType = "com.apple.product-type.application";
		};
/* End PBXNativeTarget section */

/* Begin PBXProject section */
		BC6EC3392D46BBBD002A4E45 /* Project object */ = {
			isa = PBXProject;
			attributes = {
				BuildIndependentTargetsInParallel = 1;
				LastSwiftUpdateCheck = 1540;
				LastUpgradeCheck = 1540;
				TargetAttributes = {
					BC6EC3402D46BBBD002A4E45 = {
						CreatedOnToolsVersion = 15.4;
					};
				};
			};
			buildConfigurationList = BC6EC33C2D46BBBD002A4E45 /* Build configuration list for PBXProject "BookTracker" */;
			compatibilityVersion = "Xcode 14.0";
			developmentRegion = en;
			hasScannedForEncodings = 0;
			knownRegions = (
				en,
				Base,
			);
			mainGroup = BC6EC3382D46BBBD002A4E45;
			productRefGroup = BC6EC3422D46BBBD002A4E45 /* Products */;
			projectDirPath = "";
			projectRoot = "";
			targets = (
				BC6EC3402D46BBBD002A4E45 /* BookTracker */,
			);
		};
/* End PBXProject section */

/* Begin PBXResourcesBuildPhase section */
		BC6EC33F2D46BBBD002A4E45 /* Resources */ = {
			isa = PBXResourcesBuildPhase;
			buildActionMask = 2147483647;
			files = (
				BC6EC34C2D46BBBE002A4E45 /* Preview Assets.xcassets in Resources */,
				BC6EC3492D46BBBE002A4E45 /* Assets.xcassets in Resources */,
			);
			runOnlyForDeploymentPostprocessing = 0;
		};
/* End PBXResourcesBuildPhase section */

/* Begin PBXSourcesBuildPhase section */
		BC6EC33D2D46BBBD002A4E45 /* Sources */ = {
			isa = PBXSourcesBuildPhase;
			buildActionMask = 2147483647;
			files = (
				BC677B1C2D49156200F7C6A5 /* BookStatusModel.swift in Sources */,
				BC7488342D4C02D4003C974A /* HeaderView.swift in Sources */,
				BC6EC34E2D46BBBE002A4E45 /* Persistence.swift in Sources */,
				BCDA80162D493EE400BB8AB9 /* BookTrackerModel.xcdatamodeld in Sources */,
				BC6EC3472D46BBBD002A4E45 /* HomeView.swift in Sources */,
				BC6EC3452D46BBBD002A4E45 /* BookTrackerApp.swift in Sources */,
				BC677B192D48FD7900F7C6A5 /* AddNewBookView.swift in Sources */,
				BC713F382D4EA8460023F713 /* ImagePicker.swift in Sources */,
				BC6EC35C2D46BC57002A4E45 /* BookTrackerViewModel.swift in Sources */,
				BC7B02AD2D475E3F003DDEEF /* BookRowView.swift in Sources */,
			);
			runOnlyForDeploymentPostprocessing = 0;
		};
/* End PBXSourcesBuildPhase section */

/* Begin XCBuildConfiguration section */
		BC6EC3522D46BBBE002A4E45 /* Debug */ = {
			isa = XCBuildConfiguration;
			buildSettings = {
				ALWAYS_SEARCH_USER_PATHS = NO;
				ASSETCATALOG_COMPILER_GENERATE_SWIFT_ASSET_SYMBOL_EXTENSIONS = YES;
				CLANG_ANALYZER_NONNULL = YES;
				CLANG_ANALYZER_NUMBER_OBJECT_CONVERSION = YES_AGGRESSIVE;
				CLANG_CXX_LANGUAGE_STANDARD = "gnu++20";
				CLANG_ENABLE_MODULES = YES;
				CLANG_ENABLE_OBJC_ARC = YES;
				CLANG_ENABLE_OBJC_WEAK = YES;
				CLANG_WARN_BLOCK_CAPTURE_AUTORELEASING = YES;
				CLANG_WARN_BOOL_CONVERSION = YES;
				CLANG_WARN_COMMA = YES;
				CLANG_WARN_CONSTANT_CONVERSION = YES;
				CLANG_WARN_DEPRECATED_OBJC_IMPLEMENTATIONS = YES;
				CLANG_WARN_DIRECT_OBJC_ISA_USAGE = YES_ERROR;
				CLANG_WARN_DOCUMENTATION_COMMENTS = YES;
				CLANG_WARN_EMPTY_BODY = YES;
				CLANG_WARN_ENUM_CONVERSION = YES;
				CLANG_WARN_INFINITE_RECURSION = YES;
				CLANG_WARN_INT_CONVERSION = YES;
				CLANG_WARN_NON_LITERAL_NULL_CONVERSION = YES;
				CLANG_WARN_OBJC_IMPLICIT_RETAIN_SELF = YES;
				CLANG_WARN_OBJC_LITERAL_CONVERSION = YES;
				CLANG_WARN_OBJC_ROOT_CLASS = YES_ERROR;
				CLANG_WARN_QUOTED_INCLUDE_IN_FRAMEWORK_HEADER = YES;
				CLANG_WARN_RANGE_LOOP_ANALYSIS = YES;
				CLANG_WARN_STRICT_PROTOTYPES = YES;
				CLANG_WARN_SUSPICIOUS_MOVE = YES;
				CLANG_WARN_UNGUARDED_AVAILABILITY = YES_AGGRESSIVE;
				CLANG_WARN_UNREACHABLE_CODE = YES;
				CLANG_WARN__DUPLICATE_METHOD_MATCH = YES;
				COPY_PHASE_STRIP = NO;
				DEBUG_INFORMATION_FORMAT = dwarf;
				ENABLE_STRICT_OBJC_MSGSEND = YES;
				ENABLE_TESTABILITY = YES;
				ENABLE_USER_SCRIPT_SANDBOXING = YES;
				GCC_C_LANGUAGE_STANDARD = gnu17;
				GCC_DYNAMIC_NO_PIC = NO;
				GCC_NO_COMMON_BLOCKS = YES;
				GCC_OPTIMIZATION_LEVEL = 0;
				GCC_PREPROCESSOR_DEFINITIONS = (
					"DEBUG=1",
					"$(inherited)",
				);
				GCC_WARN_64_TO_32_BIT_CONVERSION = YES;
				GCC_WARN_ABOUT_RETURN_TYPE = YES_ERROR;
				GCC_WARN_UNDECLARED_SELECTOR = YES;
				GCC_WARN_UNINITIALIZED_AUTOS = YES_AGGRESSIVE;
				GCC_WARN_UNUSED_FUNCTION = YES;
				GCC_WARN_UNUSED_VARIABLE = YES;
				IPHONEOS_DEPLOYMENT_TARGET = 17.5;
				LOCALIZATION_PREFERS_STRING_CATALOGS = YES;
				MTL_ENABLE_DEBUG_INFO = INCLUDE_SOURCE;
				MTL_FAST_MATH = YES;
				ONLY_ACTIVE_ARCH = YES;
				SDKROOT = iphoneos;
				SWIFT_ACTIVE_COMPILATION_CONDITIONS = "DEBUG $(inherited)";
				SWIFT_OPTIMIZATION_LEVEL = "-Onone";
			};
			name = Debug;
		};
		BC6EC3532D46BBBE002A4E45 /* Release */ = {
			isa = XCBuildConfiguration;
			buildSettings = {
				ALWAYS_SEARCH_USER_PATHS = NO;
				ASSETCATALOG_COMPILER_GENERATE_SWIFT_ASSET_SYMBOL_EXTENSIONS = YES;
				CLANG_ANALYZER_NONNULL = YES;
				CLANG_ANALYZER_NUMBER_OBJECT_CONVERSION = YES_AGGRESSIVE;
				CLANG_CXX_LANGUAGE_STANDARD = "gnu++20";
				CLANG_ENABLE_MODULES = YES;
				CLANG_ENABLE_OBJC_ARC = YES;
				CLANG_ENABLE_OBJC_WEAK = YES;
				CLANG_WARN_BLOCK_CAPTURE_AUTORELEASING = YES;
				CLANG_WARN_BOOL_CONVERSION = YES;
				CLANG_WARN_COMMA = YES;
				CLANG_WARN_CONSTANT_CONVERSION = YES;
				CLANG_WARN_DEPRECATED_OBJC_IMPLEMENTATIONS = YES;
				CLANG_WARN_DIRECT_OBJC_ISA_USAGE = YES_ERROR;
				CLANG_WARN_DOCUMENTATION_COMMENTS = YES;
				CLANG_WARN_EMPTY_BODY = YES;
				CLANG_WARN_ENUM_CONVERSION = YES;
				CLANG_WARN_INFINITE_RECURSION = YES;
				CLANG_WARN_INT_CONVERSION = YES;
				CLANG_WARN_NON_LITERAL_NULL_CONVERSION = YES;
				CLANG_WARN_OBJC_IMPLICIT_RETAIN_SELF = YES;
				CLANG_WARN_OBJC_LITERAL_CONVERSION = YES;
				CLANG_WARN_OBJC_ROOT_CLASS = YES_ERROR;
				CLANG_WARN_QUOTED_INCLUDE_IN_FRAMEWORK_HEADER = YES;
				CLANG_WARN_RANGE_LOOP_ANALYSIS = YES;
				CLANG_WARN_STRICT_PROTOTYPES = YES;
				CLANG_WARN_SUSPICIOUS_MOVE = YES;
				CLANG_WARN_UNGUARDED_AVAILABILITY = YES_AGGRESSIVE;
				CLANG_WARN_UNREACHABLE_CODE = YES;
				CLANG_WARN__DUPLICATE_METHOD_MATCH = YES;
				COPY_PHASE_STRIP = NO;
				DEBUG_INFORMATION_FORMAT = "dwarf-with-dsym";
				ENABLE_NS_ASSERTIONS = NO;
				ENABLE_STRICT_OBJC_MSGSEND = YES;
				ENABLE_USER_SCRIPT_SANDBOXING = YES;
				GCC_C_LANGUAGE_STANDARD = gnu17;
				GCC_NO_COMMON_BLOCKS = YES;
				GCC_WARN_64_TO_32_BIT_CONVERSION = YES;
				GCC_WARN_ABOUT_RETURN_TYPE = YES_ERROR;
				GCC_WARN_UNDECLARED_SELECTOR = YES;
				GCC_WARN_UNINITIALIZED_AUTOS = YES_AGGRESSIVE;
				GCC_WARN_UNUSED_FUNCTION = YES;
				GCC_WARN_UNUSED_VARIABLE = YES;
				IPHONEOS_DEPLOYMENT_TARGET = 17.5;
				LOCALIZATION_PREFERS_STRING_CATALOGS = YES;
				MTL_ENABLE_DEBUG_INFO = NO;
				MTL_FAST_MATH = YES;
				SDKROOT = iphoneos;
				SWIFT_COMPILATION_MODE = wholemodule;
				VALIDATE_PRODUCT = YES;
			};
			name = Release;
		};
		BC6EC3552D46BBBE002A4E45 /* Debug */ = {
			isa = XCBuildConfiguration;
			buildSettings = {
				ASSETCATALOG_COMPILER_APPICON_NAME = AppIcon;
				ASSETCATALOG_COMPILER_GLOBAL_ACCENT_COLOR_NAME = AccentColor;
				CODE_SIGN_STYLE = Automatic;
				CURRENT_PROJECT_VERSION = 1;
				DEVELOPMENT_ASSET_PATHS = "\"BookTracker/Preview Content\"";
				ENABLE_PREVIEWS = YES;
				GENERATE_INFOPLIST_FILE = YES;
				INFOPLIST_KEY_UIApplicationSceneManifest_Generation = YES;
				INFOPLIST_KEY_UIApplicationSupportsIndirectInputEvents = YES;
				INFOPLIST_KEY_UILaunchScreen_Generation = YES;
				INFOPLIST_KEY_UISupportedInterfaceOrientations_iPad = "UIInterfaceOrientationPortrait UIInterfaceOrientationPortraitUpsideDown UIInterfaceOrientationLandscapeLeft UIInterfaceOrientationLandscapeRight";
				INFOPLIST_KEY_UISupportedInterfaceOrientations_iPhone = "UIInterfaceOrientationPortrait UIInterfaceOrientationLandscapeLeft UIInterfaceOrientationLandscapeRight";
				LD_RUNPATH_SEARCH_PATHS = (
					"$(inherited)",
					"@executable_path/Frameworks",
				);
				MARKETING_VERSION = 1.0;
				PRODUCT_BUNDLE_IDENTIFIER = com.jamorn.BookTracker;
				PRODUCT_NAME = "$(TARGET_NAME)";
				SUPPORTED_PLATFORMS = "iphoneos iphonesimulator";
				SUPPORTS_MACCATALYST = NO;
				SUPPORTS_MAC_DESIGNED_FOR_IPHONE_IPAD = NO;
				SUPPORTS_XR_DESIGNED_FOR_IPHONE_IPAD = NO;
				SWIFT_EMIT_LOC_STRINGS = YES;
				SWIFT_VERSION = 5.0;
				TARGETED_DEVICE_FAMILY = 1;
			};
			name = Debug;
		};
		BC6EC3562D46BBBE002A4E45 /* Release */ = {
			isa = XCBuildConfiguration;
			buildSettings = {
				ASSETCATALOG_COMPILER_APPICON_NAME = AppIcon;
				ASSETCATALOG_COMPILER_GLOBAL_ACCENT_COLOR_NAME = AccentColor;
				CODE_SIGN_STYLE = Automatic;
				CURRENT_PROJECT_VERSION = 1;
				DEVELOPMENT_ASSET_PATHS = "\"BookTracker/Preview Content\"";
				ENABLE_PREVIEWS = YES;
				GENERATE_INFOPLIST_FILE = YES;
				INFOPLIST_KEY_UIApplicationSceneManifest_Generation = YES;
				INFOPLIST_KEY_UIApplicationSupportsIndirectInputEvents = YES;
				INFOPLIST_KEY_UILaunchScreen_Generation = YES;
				INFOPLIST_KEY_UISupportedInterfaceOrientations_iPad = "UIInterfaceOrientationPortrait UIInterfaceOrientationPortraitUpsideDown UIInterfaceOrientationLandscapeLeft UIInterfaceOrientationLandscapeRight";
				INFOPLIST_KEY_UISupportedInterfaceOrientations_iPhone = "UIInterfaceOrientationPortrait UIInterfaceOrientationLandscapeLeft UIInterfaceOrientationLandscapeRight";
				LD_RUNPATH_SEARCH_PATHS = (
					"$(inherited)",
					"@executable_path/Frameworks",
				);
				MARKETING_VERSION = 1.0;
				PRODUCT_BUNDLE_IDENTIFIER = com.jamorn.BookTracker;
				PRODUCT_NAME = "$(TARGET_NAME)";
				SUPPORTED_PLATFORMS = "iphoneos iphonesimulator";
				SUPPORTS_MACCATALYST = NO;
				SUPPORTS_MAC_DESIGNED_FOR_IPHONE_IPAD = NO;
				SUPPORTS_XR_DESIGNED_FOR_IPHONE_IPAD = NO;
				SWIFT_EMIT_LOC_STRINGS = YES;
				SWIFT_VERSION = 5.0;
				TARGETED_DEVICE_FAMILY = 1;
			};
			name = Release;
		};
/* End XCBuildConfiguration section */

/* Begin XCConfigurationList section */
		BC6EC33C2D46BBBD002A4E45 /* Build configuration list for PBXProject "BookTracker" */ = {
			isa = XCConfigurationList;
			buildConfigurations = (
				BC6EC3522D46BBBE002A4E45 /* Debug */,
				BC6EC3532D46BBBE002A4E45 /* Release */,
			);
			defaultConfigurationIsVisible = 0;
			defaultConfigurationName = Release;
		};
		BC6EC3542D46BBBE002A4E45 /* Build configuration list for PBXNativeTarget "BookTracker" */ = {
			isa = XCConfigurationList;
			buildConfigurations = (
				BC6EC3552D46BBBE002A4E45 /* Debug */,
				BC6EC3562D46BBBE002A4E45 /* Release */,
			);
			defaultConfigurationIsVisible = 0;
			defaultConfigurationName = Release;
		};
/* End XCConfigurationList section */

/* Begin XCVersionGroup section */
		BCDA80142D493EE400BB8AB9 /* BookTrackerModel.xcdatamodeld */ = {
			isa = XCVersionGroup;
			children = (
				BCDA80152D493EE400BB8AB9 /* BookTrackerModel.xcdatamodel */,
			);
			currentVersion = BCDA80152D493EE400BB8AB9 /* BookTrackerModel.xcdatamodel */;
			name = BookTrackerModel.xcdatamodeld;
			path = /Users/jamornsuttipong/Desktop/iosAPP/PortFolio/DailyProject/BookTracker/BookTracker/Model/BookTrackerModel.xcdatamodeld;
			sourceTree = "<group>";
			versionGroupType = wrapper.xcdatamodel;
		};
/* End XCVersionGroup section */
	};
	rootObject = BC6EC3392D46BBBD002A4E45 /* Project object */;
}
